
Microsoft Visual Studio Solution File, Format Version 12.00
# Visual Studio Version 16
VisualStudioVersion = 16.0.31019.35
MinimumVisualStudioVersion = 10.0.40219.1
Project("{FAE04EC0-301F-11D3-BF4B-00C04F79EFBC}") = "BlazorTutorial", "BlazorTutorial\BlazorTutorial.csproj", "{FD4D522B-8BC5-4F1D-AF61-35D925BFCF1B}"
EndProject
Project("{2150E333-8FDC-42A3-9474-1A3956D46DE8}") = "Modal", "Modal", "{BC57C5C3-9042-44D3-A410-1DACC66705DF}"
EndProject
Project("{FAE04EC0-301F-11D3-BF4B-00C04F79EFBC}") = "ModalTutorial", "ModalTutorial\ModalTutorial.csproj", "{E4CF9CFC-67C9-4811-A0BA-49D2C5A5D63B}"
EndProject
Global
	GlobalSection(SolutionConfigurationPlatforms) = preSolution
		Debug|Any CPU = Debug|Any CPU
		Release|Any CPU = Release|Any CPU
	EndGlobalSection
	GlobalSection(ProjectConfigurationPlatforms) = postSolution
		{FD4D522B-8BC5-4F1D-AF61-35D925BFCF1B}.Debug|Any CPU.ActiveCfg = Debug|Any CPU
		{FD4D522B-8BC5-4F1D-AF61-35D925BFCF1B}.Debug|Any CPU.Build.0 = Debug|Any CPU
		{FD4D522B-8BC5-4F1D-AF61-35D925BFCF1B}.Release|Any CPU.ActiveCfg = Release|Any CPU
		{FD4D522B-8BC5-4F1D-AF61-35D925BFCF1B}.Release|Any CPU.Build.0 = Release|Any CPU
		{E4CF9CFC-67C9-4811-A0BA-49D2C5A5D63B}.Debug|Any CPU.ActiveCfg = Debug|Any CPU
		{E4CF9CFC-67C9-4811-A0BA-49D2C5A5D63B}.Debug|Any CPU.Build.0 = Debug|Any CPU
		{E4CF9CFC-67C9-4811-A0BA-49D2C5A5D63B}.Release|Any CPU.ActiveCfg = Release|Any CPU
		{E4CF9CFC-67C9-4811-A0BA-49D2C5A5D63B}.Release|Any CPU.Build.0 = Release|Any CPU
	EndGlobalSection
	GlobalSection(SolutionProperties) = preSolution
		HideSolutionNode = FALSE
	EndGlobalSection
	GlobalSection(NestedProjects) = preSolution
		{E4CF9CFC-67C9-4811-A0BA-49D2C5A5D63B} = {BC57C5C3-9042-44D3-A410-1DACC66705DF}
	EndGlobalSection
	GlobalSection(ExtensibilityGlobals) = postSolution
		SolutionGuid = {B0F9EC1E-91F8-454D-B73A-D5452FA9FD87}
	EndGlobalSection
EndGlobal
